
Microsoft Visual Studio Solution File, Format Version 12.00
# Visual Studio Version 16
VisualStudioVersion = 16.0.29020.237
MinimumVisualStudioVersion = 10.0.40219.1
Project("{FAE04EC0-301F-11D3-BF4B-00C04F79EFBC}") = "Betting", "Betting\Betting.csproj", "{BA96B86E-6ADB-4F2F-B26E-F81640419860}"
EndProject
Global
	GlobalSection(SolutionConfigurationPlatforms) = preSolution
		Debug|Any CPU = Debug|Any CPU
		Release|Any CPU = Release|Any CPU
	EndGlobalSection
	GlobalSection(ProjectConfigurationPlatforms) = postSolution
		{BA96B86E-6ADB-4F2F-B26E-F81640419860}.Debug|Any CPU.ActiveCfg = Debug|Any CPU
		{BA96B86E-6ADB-4F2F-B26E-F81640419860}.Debug|Any CPU.Build.0 = Debug|Any CPU
		{BA96B86E-6ADB-4F2F-B26E-F81640419860}.Release|Any CPU.ActiveCfg = Release|Any CPU
		{BA96B86E-6ADB-4F2F-B26E-F81640419860}.Release|Any CPU.Build.0 = Release|Any CPU
	EndGlobalSection
	GlobalSection(SolutionProperties) = preSolution
		HideSolutionNode = FALSE
	EndGlobalSection
	GlobalSection(ExtensibilityGlobals) = postSolution
		SolutionGuid = {77325204-86DA-4F6E-B7BD-B0A0314F7E16}
	EndGlobalSection
EndGlobal
